
Microsoft Visual Studio Solution File, Format Version 12.00
# Visual Studio Version 17
VisualStudioVersion = 17.1.32407.343
MinimumVisualStudioVersion = 10.0.40219.1
Project("{9A19103F-16F7-4668-BE54-9A1E7A4F7556}") = "LibTextbausteine.Test", "LibTextbausteine.Test\LibTextbausteine.Test.csproj", "{21F225D0-9C5B-443A-85FD-99E98A6A53C8}"
EndProject
Project("{9A19103F-16F7-4668-BE54-9A1E7A4F7556}") = "LibTextbausteine", "LibTextbausteine\LibTextbausteine.csproj", "{C5D1C0E5-116B-4522-A6B6-1444DE368853}"
EndProject
Project("{2150E333-8FDC-42A3-9474-1A3956D46DE8}") = "Solution Items", "Solution Items", "{F1B1C89E-6239-4105-BB26-1822FF84CB1C}"
	ProjectSection(SolutionItems) = preProject
		..\LICENSE = ..\LICENSE
		..\README.md = ..\README.md
	EndProjectSection
EndProject
Project("{9A19103F-16F7-4668-BE54-9A1E7A4F7556}") = "LibListeTextbausteine", "LibJson\LibListeTextbausteine.csproj", "{BE7769A3-C850-42D0-B5ED-0B30074C2BBC}"
EndProject
Project("{FAE04EC0-301F-11D3-BF4B-00C04F79EFBC}") = "Contracts", "Contracts\Contracts.csproj", "{57231FB2-464A-47A0-8AEB-275860C8ECD5}"
EndProject
Global
	GlobalSection(SolutionConfigurationPlatforms) = preSolution
		Debug|Any CPU = Debug|Any CPU
		Release|Any CPU = Release|Any CPU
	EndGlobalSection
	GlobalSection(ProjectConfigurationPlatforms) = postSolution
		{21F225D0-9C5B-443A-85FD-99E98A6A53C8}.Debug|Any CPU.ActiveCfg = Debug|Any CPU
		{21F225D0-9C5B-443A-85FD-99E98A6A53C8}.Debug|Any CPU.Build.0 = Debug|Any CPU
		{21F225D0-9C5B-443A-85FD-99E98A6A53C8}.Release|Any CPU.ActiveCfg = Release|Any CPU
		{21F225D0-9C5B-443A-85FD-99E98A6A53C8}.Release|Any CPU.Build.0 = Release|Any CPU
		{C5D1C0E5-116B-4522-A6B6-1444DE368853}.Debug|Any CPU.ActiveCfg = Debug|Any CPU
		{C5D1C0E5-116B-4522-A6B6-1444DE368853}.Debug|Any CPU.Build.0 = Debug|Any CPU
		{C5D1C0E5-116B-4522-A6B6-1444DE368853}.Release|Any CPU.ActiveCfg = Release|Any CPU
		{C5D1C0E5-116B-4522-A6B6-1444DE368853}.Release|Any CPU.Build.0 = Release|Any CPU
		{BE7769A3-C850-42D0-B5ED-0B30074C2BBC}.Debug|Any CPU.ActiveCfg = Debug|Any CPU
		{BE7769A3-C850-42D0-B5ED-0B30074C2BBC}.Debug|Any CPU.Build.0 = Debug|Any CPU
		{BE7769A3-C850-42D0-B5ED-0B30074C2BBC}.Release|Any CPU.ActiveCfg = Release|Any CPU
		{BE7769A3-C850-42D0-B5ED-0B30074C2BBC}.Release|Any CPU.Build.0 = Release|Any CPU
		{57231FB2-464A-47A0-8AEB-275860C8ECD5}.Debug|Any CPU.ActiveCfg = Debug|Any CPU
		{57231FB2-464A-47A0-8AEB-275860C8ECD5}.Debug|Any CPU.Build.0 = Debug|Any CPU
		{57231FB2-464A-47A0-8AEB-275860C8ECD5}.Release|Any CPU.ActiveCfg = Release|Any CPU
		{57231FB2-464A-47A0-8AEB-275860C8ECD5}.Release|Any CPU.Build.0 = Release|Any CPU
	EndGlobalSection
	GlobalSection(SolutionProperties) = preSolution
		HideSolutionNode = FALSE
	EndGlobalSection
	GlobalSection(ExtensibilityGlobals) = postSolution
		SolutionGuid = {FC5016F7-3D14-4855-B446-5B0FB031130D}
	EndGlobalSection
EndGlobal
