
Microsoft Visual Studio Solution File, Format Version 12.00
# Visual Studio Version 17
VisualStudioVersion = 17.1.32407.343
MinimumVisualStudioVersion = 10.0.40219.1
Project("{9A19103F-16F7-4668-BE54-9A1E7A4F7556}") = "LibTextbausteine.Test", "LibTextbausteine.Test\LibTextbausteine.Test.csproj", "{21F225D0-9C5B-443A-85FD-99E98A6A53C8}"
EndProject
Project("{9A19103F-16F7-4668-BE54-9A1E7A4F7556}") = "LibTextbausteine", "LibTextbausteine\LibTextbausteine.csproj", "{C5D1C0E5-116B-4522-A6B6-1444DE368853}"
EndProject
Global
	GlobalSection(SolutionConfigurationPlatforms) = preSolution
		Debug|x64 = Debug|x64
		Release|x64 = Release|x64
	EndGlobalSection
	GlobalSection(ProjectConfigurationPlatforms) = postSolution
		{21F225D0-9C5B-443A-85FD-99E98A6A53C8}.Debug|x64.ActiveCfg = Debug|x64
		{21F225D0-9C5B-443A-85FD-99E98A6A53C8}.Debug|x64.Build.0 = Debug|x64
		{21F225D0-9C5B-443A-85FD-99E98A6A53C8}.Release|x64.ActiveCfg = Release|x64
		{21F225D0-9C5B-443A-85FD-99E98A6A53C8}.Release|x64.Build.0 = Release|x64
		{C5D1C0E5-116B-4522-A6B6-1444DE368853}.Debug|x64.ActiveCfg = Debug|x64
		{C5D1C0E5-116B-4522-A6B6-1444DE368853}.Debug|x64.Build.0 = Debug|x64
		{C5D1C0E5-116B-4522-A6B6-1444DE368853}.Release|x64.ActiveCfg = Release|x64
		{C5D1C0E5-116B-4522-A6B6-1444DE368853}.Release|x64.Build.0 = Release|x64
	EndGlobalSection
	GlobalSection(SolutionProperties) = preSolution
		HideSolutionNode = FALSE
	EndGlobalSection
	GlobalSection(ExtensibilityGlobals) = postSolution
		SolutionGuid = {FC5016F7-3D14-4855-B446-5B0FB031130D}
	EndGlobalSection
EndGlobal
